
Microsoft Visual Studio Solution File, Format Version 12.00
# Visual Studio Version 17
VisualStudioVersion = 17.13.35818.85 d17.13
MinimumVisualStudioVersion = 10.0.40219.1
Project("{FAE04EC0-301F-11D3-BF4B-00C04F79EFBC}") = "gm_safety_thirdparty", "gm_safety_thirdparty\gm_safety_thirdparty.csproj", "{74396950-5A71-4A61-87C3-309AB482A19B}"
EndProject
Global
	GlobalSection(SolutionConfigurationPlatforms) = preSolution
		Debug|Any CPU = Debug|Any CPU
		Release|Any CPU = Release|Any CPU
	EndGlobalSection
	GlobalSection(ProjectConfigurationPlatforms) = postSolution
		{74396950-5A71-4A61-87C3-309AB482A19B}.Debug|Any CPU.ActiveCfg = Debug|Any CPU
		{74396950-5A71-4A61-87C3-309AB482A19B}.Debug|Any CPU.Build.0 = Debug|Any CPU
		{74396950-5A71-4A61-87C3-309AB482A19B}.Release|Any CPU.ActiveCfg = Release|Any CPU
		{74396950-5A71-4A61-87C3-309AB482A19B}.Release|Any CPU.Build.0 = Release|Any CPU
	EndGlobalSection
	GlobalSection(SolutionProperties) = preSolution
		HideSolutionNode = FALSE
	EndGlobalSection
	GlobalSection(ExtensibilityGlobals) = postSolution
		SolutionGuid = {2BE4C343-0666-495E-B67A-2AC7B5047C2F}
	EndGlobalSection
EndGlobal
